
Microsoft Visual Studio Solution File, Format Version 12.00
# Visual Studio Version 17
VisualStudioVersion = 17.6.33417.168
MinimumVisualStudioVersion = 10.0.40219.1
Project("{FAE04EC0-301F-11D3-BF4B-00C04F79EFBC}") = "TwitterTower", "TwitterTower.csproj", "{EC421A0E-7AEA-4B40-8651-8FFDC0577DA6}"
EndProject
Global
	GlobalSection(SolutionConfigurationPlatforms) = preSolution
		Debug|Any CPU = Debug|Any CPU
		Release|Any CPU = Release|Any CPU
	EndGlobalSection
	GlobalSection(ProjectConfigurationPlatforms) = postSolution
		{EC421A0E-7AEA-4B40-8651-8FFDC0577DA6}.Debug|Any CPU.ActiveCfg = Debug|Any CPU
		{EC421A0E-7AEA-4B40-8651-8FFDC0577DA6}.Debug|Any CPU.Build.0 = Debug|Any CPU
		{EC421A0E-7AEA-4B40-8651-8FFDC0577DA6}.Release|Any CPU.ActiveCfg = Release|Any CPU
		{EC421A0E-7AEA-4B40-8651-8FFDC0577DA6}.Release|Any CPU.Build.0 = Release|Any CPU
	EndGlobalSection
	GlobalSection(SolutionProperties) = preSolution
		HideSolutionNode = FALSE
	EndGlobalSection
	GlobalSection(ExtensibilityGlobals) = postSolution
		SolutionGuid = {BCDFD30A-C253-4CAE-8335-DB8635322DBC}
	EndGlobalSection
EndGlobal
